
Microsoft Visual Studio Solution File, Format Version 12.00
# Visual Studio Version 17
VisualStudioVersion = 17.14.36408.4
MinimumVisualStudioVersion = 10.0.40219.1
Project("{FAE04EC0-301F-11D3-BF4B-00C04F79EFBC}") = "Vectra.API", "src\Vectra.API\Vectra.API.csproj", "{4A6777BF-44E3-48CF-0978-CB996EDF3C3C}"
EndProject
Project("{FAE04EC0-301F-11D3-BF4B-00C04F79EFBC}") = "Vectra.Shared", "src\Vectra.Shared\Vectra.Shared.csproj", "{14E0C188-92B8-838F-5EAB-0AC9891B3E10}"
EndProject
Project("{FAE04EC0-301F-11D3-BF4B-00C04F79EFBC}") = "Vectra.Modules.Identity", "src\Vectra.Modules.Identity\Vectra.Modules.Identity.csproj", "{D2BA7712-13EB-C99D-2BF0-2F9A595ABB1C}"
EndProject
Project("{FAE04EC0-301F-11D3-BF4B-00C04F79EFBC}") = "Vectra.Modules.Notes", "src\Vectra.Modules.Notes\Vectra.Modules.Notes.csproj", "{510E5FCD-6C23-A13C-C1AE-006EF739A8A3}"
EndProject
Global
	GlobalSection(SolutionConfigurationPlatforms) = preSolution
		Debug|Any CPU = Debug|Any CPU
		Release|Any CPU = Release|Any CPU
	EndGlobalSection
	GlobalSection(ProjectConfigurationPlatforms) = postSolution
		{4A6777BF-44E3-48CF-0978-CB996EDF3C3C}.Debug|Any CPU.ActiveCfg = Debug|Any CPU
		{4A6777BF-44E3-48CF-0978-CB996EDF3C3C}.Debug|Any CPU.Build.0 = Debug|Any CPU
		{4A6777BF-44E3-48CF-0978-CB996EDF3C3C}.Release|Any CPU.ActiveCfg = Release|Any CPU
		{4A6777BF-44E3-48CF-0978-CB996EDF3C3C}.Release|Any CPU.Build.0 = Release|Any CPU
		{14E0C188-92B8-838F-5EAB-0AC9891B3E10}.Debug|Any CPU.ActiveCfg = Debug|Any CPU
		{14E0C188-92B8-838F-5EAB-0AC9891B3E10}.Debug|Any CPU.Build.0 = Debug|Any CPU
		{14E0C188-92B8-838F-5EAB-0AC9891B3E10}.Release|Any CPU.ActiveCfg = Release|Any CPU
		{14E0C188-92B8-838F-5EAB-0AC9891B3E10}.Release|Any CPU.Build.0 = Release|Any CPU
		{D2BA7712-13EB-C99D-2BF0-2F9A595ABB1C}.Debug|Any CPU.ActiveCfg = Debug|Any CPU
		{D2BA7712-13EB-C99D-2BF0-2F9A595ABB1C}.Debug|Any CPU.Build.0 = Debug|Any CPU
		{D2BA7712-13EB-C99D-2BF0-2F9A595ABB1C}.Release|Any CPU.ActiveCfg = Release|Any CPU
		{D2BA7712-13EB-C99D-2BF0-2F9A595ABB1C}.Release|Any CPU.Build.0 = Release|Any CPU
		{510E5FCD-6C23-A13C-C1AE-006EF739A8A3}.Debug|Any CPU.ActiveCfg = Debug|Any CPU
		{510E5FCD-6C23-A13C-C1AE-006EF739A8A3}.Debug|Any CPU.Build.0 = Debug|Any CPU
		{510E5FCD-6C23-A13C-C1AE-006EF739A8A3}.Release|Any CPU.ActiveCfg = Release|Any CPU
		{510E5FCD-6C23-A13C-C1AE-006EF739A8A3}.Release|Any CPU.Build.0 = Release|Any CPU
	EndGlobalSection
	GlobalSection(SolutionProperties) = preSolution
		HideSolutionNode = FALSE
	EndGlobalSection
	GlobalSection(ExtensibilityGlobals) = postSolution
		SolutionGuid = {3BCD6720-B5B4-4843-80D1-BA2E69D4E67A}
	EndGlobalSection
EndGlobal
